
Microsoft Visual Studio Solution File, Format Version 12.00
# Visual Studio 15
VisualStudioVersion = 15.0.27004.2006
MinimumVisualStudioVersion = 10.0.40219.1
Project("{9A19103F-16F7-4668-BE54-9A1E7A4F7556}") = "Posttrack.Data", "Posttrack.Data\Posttrack.Data.csproj", "{1477B7E4-FA04-4D36-9033-4DC4544DC125}"
EndProject
Project("{9A19103F-16F7-4668-BE54-9A1E7A4F7556}") = "Posttrack.Data.Interfaces", "Posttrack.Data.Interfaces\Posttrack.Data.Interfaces.csproj", "{FADC8872-FE93-4B03-BD94-4488CBFA2DA1}"
EndProject
Project("{9A19103F-16F7-4668-BE54-9A1E7A4F7556}") = "Posttrack.BLL.Interfaces", "Posttrack.BLL.Interfaces\Posttrack.BLL.Interfaces.csproj", "{2F6B073F-BDD4-4F1D-B901-405F9C3CFC0C}"
EndProject
Project("{9A19103F-16F7-4668-BE54-9A1E7A4F7556}") = "Posttrack.BLL", "Posttrack.BLL\Posttrack.BLL.csproj", "{5616CE1A-E024-4D94-8B6A-9C39026C9C3B}"
EndProject
Project("{9A19103F-16F7-4668-BE54-9A1E7A4F7556}") = "Posttrack.Web", "Posttrack.Web\Posttrack.Web.csproj", "{65DC411D-D75F-43CA-8310-C12741A9AD2A}"
EndProject
Project("{9A19103F-16F7-4668-BE54-9A1E7A4F7556}") = "Posttrack.Checker", "PostTrack.Checker\Posttrack.Checker.csproj", "{E4B8BEB7-1899-4E98-BB63-1A67479898BA}"
EndProject
Project("{9A19103F-16F7-4668-BE54-9A1E7A4F7556}") = "Posttrack.BLL.Tests", "Posttrack.BLL.Tests\Posttrack.BLL.Tests.csproj", "{FF700B13-6CAE-4A84-884C-68636A14962C}"
EndProject
Project("{FAE04EC0-301F-11D3-BF4B-00C04F79EFBC}") = "Posttrack.Common", "Posttrack.Common\Posttrack.Common.csproj", "{108A6809-2368-4E5D-BE89-78D364856C52}"
EndProject
Global
	GlobalSection(SolutionConfigurationPlatforms) = preSolution
		Debug|Any CPU = Debug|Any CPU
		Release|Any CPU = Release|Any CPU
	EndGlobalSection
	GlobalSection(ProjectConfigurationPlatforms) = postSolution
		{1477B7E4-FA04-4D36-9033-4DC4544DC125}.Debug|Any CPU.ActiveCfg = Debug|Any CPU
		{1477B7E4-FA04-4D36-9033-4DC4544DC125}.Debug|Any CPU.Build.0 = Debug|Any CPU
		{1477B7E4-FA04-4D36-9033-4DC4544DC125}.Release|Any CPU.ActiveCfg = Release|Any CPU
		{1477B7E4-FA04-4D36-9033-4DC4544DC125}.Release|Any CPU.Build.0 = Release|Any CPU
		{FADC8872-FE93-4B03-BD94-4488CBFA2DA1}.Debug|Any CPU.ActiveCfg = Debug|Any CPU
		{FADC8872-FE93-4B03-BD94-4488CBFA2DA1}.Debug|Any CPU.Build.0 = Debug|Any CPU
		{FADC8872-FE93-4B03-BD94-4488CBFA2DA1}.Release|Any CPU.ActiveCfg = Release|Any CPU
		{FADC8872-FE93-4B03-BD94-4488CBFA2DA1}.Release|Any CPU.Build.0 = Release|Any CPU
		{2F6B073F-BDD4-4F1D-B901-405F9C3CFC0C}.Debug|Any CPU.ActiveCfg = Debug|Any CPU
		{2F6B073F-BDD4-4F1D-B901-405F9C3CFC0C}.Debug|Any CPU.Build.0 = Debug|Any CPU
		{2F6B073F-BDD4-4F1D-B901-405F9C3CFC0C}.Release|Any CPU.ActiveCfg = Release|Any CPU
		{2F6B073F-BDD4-4F1D-B901-405F9C3CFC0C}.Release|Any CPU.Build.0 = Release|Any CPU
		{5616CE1A-E024-4D94-8B6A-9C39026C9C3B}.Debug|Any CPU.ActiveCfg = Debug|Any CPU
		{5616CE1A-E024-4D94-8B6A-9C39026C9C3B}.Debug|Any CPU.Build.0 = Debug|Any CPU
		{5616CE1A-E024-4D94-8B6A-9C39026C9C3B}.Release|Any CPU.ActiveCfg = Release|Any CPU
		{5616CE1A-E024-4D94-8B6A-9C39026C9C3B}.Release|Any CPU.Build.0 = Release|Any CPU
		{65DC411D-D75F-43CA-8310-C12741A9AD2A}.Debug|Any CPU.ActiveCfg = Debug|Any CPU
		{65DC411D-D75F-43CA-8310-C12741A9AD2A}.Debug|Any CPU.Build.0 = Debug|Any CPU
		{65DC411D-D75F-43CA-8310-C12741A9AD2A}.Release|Any CPU.ActiveCfg = Release|Any CPU
		{65DC411D-D75F-43CA-8310-C12741A9AD2A}.Release|Any CPU.Build.0 = Release|Any CPU
		{E4B8BEB7-1899-4E98-BB63-1A67479898BA}.Debug|Any CPU.ActiveCfg = Debug|Any CPU
		{E4B8BEB7-1899-4E98-BB63-1A67479898BA}.Debug|Any CPU.Build.0 = Debug|Any CPU
		{E4B8BEB7-1899-4E98-BB63-1A67479898BA}.Release|Any CPU.ActiveCfg = Release|Any CPU
		{E4B8BEB7-1899-4E98-BB63-1A67479898BA}.Release|Any CPU.Build.0 = Release|Any CPU
		{FF700B13-6CAE-4A84-884C-68636A14962C}.Debug|Any CPU.ActiveCfg = Debug|Any CPU
		{FF700B13-6CAE-4A84-884C-68636A14962C}.Debug|Any CPU.Build.0 = Debug|Any CPU
		{FF700B13-6CAE-4A84-884C-68636A14962C}.Release|Any CPU.ActiveCfg = Release|Any CPU
		{FF700B13-6CAE-4A84-884C-68636A14962C}.Release|Any CPU.Build.0 = Release|Any CPU
		{108A6809-2368-4E5D-BE89-78D364856C52}.Debug|Any CPU.ActiveCfg = Debug|Any CPU
		{108A6809-2368-4E5D-BE89-78D364856C52}.Debug|Any CPU.Build.0 = Debug|Any CPU
		{108A6809-2368-4E5D-BE89-78D364856C52}.Release|Any CPU.ActiveCfg = Release|Any CPU
		{108A6809-2368-4E5D-BE89-78D364856C52}.Release|Any CPU.Build.0 = Release|Any CPU
	EndGlobalSection
	GlobalSection(SolutionProperties) = preSolution
		HideSolutionNode = FALSE
	EndGlobalSection
	GlobalSection(ExtensibilityGlobals) = postSolution
		SolutionGuid = {CC6834CC-1A2F-4996-8BEE-A4C3EA7039C4}
	EndGlobalSection
EndGlobal
